
Microsoft Visual Studio Solution File, Format Version 12.00
# Visual Studio Version 17
VisualStudioVersion = 17.3.32819.101
MinimumVisualStudioVersion = 10.0.40219.1
Project("{FAE04EC0-301F-11D3-BF4B-00C04F79EFBC}") = "MovieApp", "MovieApp\MovieApp.csproj", "{AC205CBE-E3BD-4402-A2E3-3604D3099CAF}"
EndProject
Global
	GlobalSection(SolutionConfigurationPlatforms) = preSolution
		Debug|Any CPU = Debug|Any CPU
		Release|Any CPU = Release|Any CPU
	EndGlobalSection
	GlobalSection(ProjectConfigurationPlatforms) = postSolution
		{AC205CBE-E3BD-4402-A2E3-3604D3099CAF}.Debug|Any CPU.ActiveCfg = Debug|Any CPU
		{AC205CBE-E3BD-4402-A2E3-3604D3099CAF}.Debug|Any CPU.Build.0 = Debug|Any CPU
		{AC205CBE-E3BD-4402-A2E3-3604D3099CAF}.Release|Any CPU.ActiveCfg = Release|Any CPU
		{AC205CBE-E3BD-4402-A2E3-3604D3099CAF}.Release|Any CPU.Build.0 = Release|Any CPU
	EndGlobalSection
	GlobalSection(SolutionProperties) = preSolution
		HideSolutionNode = FALSE
	EndGlobalSection
	GlobalSection(ExtensibilityGlobals) = postSolution
		SolutionGuid = {6CA788DE-6596-47CB-81F4-607AF642557F}
	EndGlobalSection
EndGlobal
